// !$*UTF8*$!
{
	archiveVersion = 1;
	classes = {
	};
	objectVersion = 46;
	objects = {

/* Begin PBXBuildFile section */
		F482C91E1E1CEB66009021C7 /* main.m in Sources */ = {isa = PBXBuildFile; fileRef = F482C91D1E1CEB66009021C7 /* main.m */; };
		F4ED27961E1CF1CE006126CA /* TestClass+Category.m in Sources */ = {isa = PBXBuildFile; fileRef = F4ED27921E1CF1CE006126CA /* TestClass+Category.m */; };
		F4ED27971E1CF1CE006126CA /* TestClass.m in Sources */ = {isa = PBXBuildFile; fileRef = F4ED27941E1CF1CE006126CA /* TestClass.m */; };
		F4ED279A1E1CF54F006126CA /* RuntimeKit.m in Sources */ = {isa = PBXBuildFile; fileRef = F4ED27991E1CF54F006126CA /* RuntimeKit.m */; };
		F4ED27A21E1E2CA4006126CA /* TestClass+SwapMethod.m in Sources */ = {isa = PBXBuildFile; fileRef = F4ED27A11E1E2CA4006126CA /* TestClass+SwapMethod.m */; };
		F4ED27A51E1E2D09006126CA /* TestClass+AssociatedObject.m in Sources */ = {isa = PBXBuildFile; fileRef = F4ED27A41E1E2D09006126CA /* TestClass+AssociatedObject.m */; };
/* End PBXBuildFile section */

/* Begin PBXCopyFilesBuildPhase section */
		F482C9181E1CEB65009021C7 /* CopyFiles */ = {
			isa = PBXCopyFilesBuildPhase;
			buildActionMask = 2147483647;
			dstPath = /usr/share/man/man1/;
			dstSubfolderSpec = 0;
			files = (
			);
			runOnlyForDeploymentPostprocessing = 1;
		};
/* End PBXCopyFilesBuildPhase section */

/* Begin PBXFileReference section */
		F482C91A1E1CEB66009021C7 /* ObjCRuntimeDemo */ = {isa = PBXFileReference; explicitFileType = "compiled.mach-o.executable"; includeInIndex = 0; path = ObjCRuntimeDemo; sourceTree = BUILT_PRODUCTS_DIR; };
		F482C91D1E1CEB66009021C7 /* main.m */ = {isa = PBXFileReference; lastKnownFileType = sourcecode.c.objc; path = main.m; sourceTree = "<group>"; };
		F4ED27911E1CF1CE006126CA /* TestClass+Category.h */ = {isa = PBXFileReference; fileEncoding = 4; lastKnownFileType = sourcecode.c.h; path = "TestClass+Category.h"; sourceTree = "<group>"; };
		F4ED27921E1CF1CE006126CA /* TestClass+Category.m */ = {isa = PBXFileReference; fileEncoding = 4; lastKnownFileType = sourcecode.c.objc; path = "TestClass+Category.m"; sourceTree = "<group>"; };
		F4ED27931E1CF1CE006126CA /* TestClass.h */ = {isa = PBXFileReference; fileEncoding = 4; lastKnownFileType = sourcecode.c.h; path = TestClass.h; sourceTree = "<group>"; };
		F4ED27941E1CF1CE006126CA /* TestClass.m */ = {isa = PBXFileReference; fileEncoding = 4; lastKnownFileType = sourcecode.c.objc; path = TestClass.m; sourceTree = "<group>"; };
		F4ED27981E1CF54F006126CA /* RuntimeKit.h */ = {isa = PBXFileReference; fileEncoding = 4; lastKnownFileType = sourcecode.c.h; path = RuntimeKit.h; sourceTree = "<group>"; };
		F4ED27991E1CF54F006126CA /* RuntimeKit.m */ = {isa = PBXFileReference; fileEncoding = 4; lastKnownFileType = sourcecode.c.objc; path = RuntimeKit.m; sourceTree = "<group>"; };
		F4ED27A01E1E2CA4006126CA /* TestClass+SwapMethod.h */ = {isa = PBXFileReference; fileEncoding = 4; lastKnownFileType = sourcecode.c.h; path = "TestClass+SwapMethod.h"; sourceTree = "<group>"; };
		F4ED27A11E1E2CA4006126CA /* TestClass+SwapMethod.m */ = {isa = PBXFileReference; fileEncoding = 4; lastKnownFileType = sourcecode.c.objc; path = "TestClass+SwapMethod.m"; sourceTree = "<group>"; };
		F4ED27A31E1E2D09006126CA /* TestClass+AssociatedObject.h */ = {isa = PBXFileReference; fileEncoding = 4; lastKnownFileType = sourcecode.c.h; path = "TestClass+AssociatedObject.h"; sourceTree = "<group>"; };
		F4ED27A41E1E2D09006126CA /* TestClass+AssociatedObject.m */ = {isa = PBXFileReference; fileEncoding = 4; lastKnownFileType = sourcecode.c.objc; path = "TestClass+AssociatedObject.m"; sourceTree = "<group>"; };
/* End PBXFileReference section */

/* Begin PBXFrameworksBuildPhase section */
		F482C9171E1CEB65009021C7 /* Frameworks */ = {
			isa = PBXFrameworksBuildPhase;
			buildActionMask = 2147483647;
			files = (
			);
			runOnlyForDeploymentPostprocessing = 0;
		};
/* End PBXFrameworksBuildPhase section */

/* Begin PBXGroup section */
		F482C9111E1CEB65009021C7 = {
			isa = PBXGroup;
			children = (
				F482C91C1E1CEB66009021C7 /* ObjCRuntimeDemo */,
				F482C91B1E1CEB66009021C7 /* Products */,
			);
			sourceTree = "<group>";
		};
		F482C91B1E1CEB66009021C7 /* Products */ = {
			isa = PBXGroup;
			children = (
				F482C91A1E1CEB66009021C7 /* ObjCRuntimeDemo */,
			);
			name = Products;
			sourceTree = "<group>";
		};
		F482C91C1E1CEB66009021C7 /* ObjCRuntimeDemo */ = {
			isa = PBXGroup;
			children = (
				F4ED278F1E1CF1CE006126CA /* Runtime */,
				F4ED27901E1CF1CE006126CA /* TestClass */,
				F482C91D1E1CEB66009021C7 /* main.m */,
			);
			path = ObjCRuntimeDemo;
			sourceTree = "<group>";
		};
		F4ED278F1E1CF1CE006126CA /* Runtime */ = {
			isa = PBXGroup;
			children = (
				F4ED27981E1CF54F006126CA /* RuntimeKit.h */,
				F4ED27991E1CF54F006126CA /* RuntimeKit.m */,
			);
			path = Runtime;
			sourceTree = "<group>";
		};
		F4ED27901E1CF1CE006126CA /* TestClass */ = {
			isa = PBXGroup;
			children = (
				F4ED27931E1CF1CE006126CA /* TestClass.h */,
				F4ED27941E1CF1CE006126CA /* TestClass.m */,
				F4ED27911E1CF1CE006126CA /* TestClass+Category.h */,
				F4ED27921E1CF1CE006126CA /* TestClass+Category.m */,
				F4ED27A01E1E2CA4006126CA /* TestClass+SwapMethod.h */,
				F4ED27A11E1E2CA4006126CA /* TestClass+SwapMethod.m */,
				F4ED27A31E1E2D09006126CA /* TestClass+AssociatedObject.h */,
				F4ED27A41E1E2D09006126CA /* TestClass+AssociatedObject.m */,
			);
			path = TestClass;
			sourceTree = "<group>";
		};
/* End PBXGroup section */

/* Begin PBXNativeTarget section */
		F482C9191E1CEB65009021C7 /* ObjCRuntimeDemo */ = {
			isa = PBXNativeTarget;
			buildConfigurationList = F482C9211E1CEB66009021C7 /* Build configuration list for PBXNativeTarget "ObjCRuntimeDemo" */;
			buildPhases = (
				F482C9161E1CEB65009021C7 /* Sources */,
				F482C9171E1CEB65009021C7 /* Frameworks */,
				F482C9181E1CEB65009021C7 /* CopyFiles */,
			);
			buildRules = (
			);
			dependencies = (
			);
			name = ObjCRuntimeDemo;
			productName = ObjCRuntimeDemo;
			productReference = F482C91A1E1CEB66009021C7 /* ObjCRuntimeDemo */;
			productType = "com.apple.product-type.tool";
		};
/* End PBXNativeTarget section */

/* Begin PBXProject section */
		F482C9121E1CEB65009021C7 /* Project object */ = {
			isa = PBXProject;
			attributes = {
				LastUpgradeCheck = 0820;
				ORGANIZATIONNAME = ZeluLi;
				TargetAttributes = {
					F482C9191E1CEB65009021C7 = {
						CreatedOnToolsVersion = 8.2.1;
						DevelopmentTeam = AWN3A347S4;
						ProvisioningStyle = Automatic;
					};
				};
			};
			buildConfigurationList = F482C9151E1CEB65009021C7 /* Build configuration list for PBXProject "ObjCRuntimeDemo" */;
			compatibilityVersion = "Xcode 3.2";
			developmentRegion = English;
			hasScannedForEncodings = 0;
			knownRegions = (
				en,
			);
			mainGroup = F482C9111E1CEB65009021C7;
			productRefGroup = F482C91B1E1CEB66009021C7 /* Products */;
			projectDirPath = "";
			projectRoot = "";
			targets = (
				F482C9191E1CEB65009021C7 /* ObjCRuntimeDemo */,
			);
		};
/* End PBXProject section */

/* Begin PBXSourcesBuildPhase section */
		F482C9161E1CEB65009021C7 /* Sources */ = {
			isa = PBXSourcesBuildPhase;
			buildActionMask = 2147483647;
			files = (
				F4ED27971E1CF1CE006126CA /* TestClass.m in Sources */,
				F4ED27A51E1E2D09006126CA /* TestClass+AssociatedObject.m in Sources */,
				F4ED27961E1CF1CE006126CA /* TestClass+Category.m in Sources */,
				F482C91E1E1CEB66009021C7 /* main.m in Sources */,
				F4ED279A1E1CF54F006126CA /* RuntimeKit.m in Sources */,
				F4ED27A21E1E2CA4006126CA /* TestClass+SwapMethod.m in Sources */,
			);
			runOnlyForDeploymentPostprocessing = 0;
		};
/* End PBXSourcesBuildPhase section */

/* Begin XCBuildConfiguration section */
		F482C91F1E1CEB66009021C7 /* Debug */ = {
			isa = XCBuildConfiguration;
			buildSettings = {
				ALWAYS_SEARCH_USER_PATHS = NO;
				CLANG_ANALYZER_NONNULL = YES;
				CLANG_CXX_LANGUAGE_STANDARD = "gnu++0x";
				CLANG_CXX_LIBRARY = "libc++";
				CLANG_ENABLE_MODULES = YES;
				CLANG_ENABLE_OBJC_ARC = YES;
				CLANG_WARN_BOOL_CONVERSION = YES;
				CLANG_WARN_CONSTANT_CONVERSION = YES;
				CLANG_WARN_DIRECT_OBJC_ISA_USAGE = YES_ERROR;
				CLANG_WARN_DOCUMENTATION_COMMENTS = YES;
				CLANG_WARN_EMPTY_BODY = YES;
				CLANG_WARN_ENUM_CONVERSION = YES;
				CLANG_WARN_INFINITE_RECURSION = YES;
				CLANG_WARN_INT_CONVERSION = YES;
				CLANG_WARN_OBJC_ROOT_CLASS = YES_ERROR;
				CLANG_WARN_SUSPICIOUS_MOVE = YES;
				CLANG_WARN_UNREACHABLE_CODE = YES;
				CLANG_WARN__DUPLICATE_METHOD_MATCH = YES;
				CODE_SIGN_IDENTITY = "-";
				COPY_PHASE_STRIP = NO;
				DEBUG_INFORMATION_FORMAT = dwarf;
				ENABLE_STRICT_OBJC_MSGSEND = YES;
				ENABLE_TESTABILITY = YES;
				GCC_C_LANGUAGE_STANDARD = gnu99;
				GCC_DYNAMIC_NO_PIC = NO;
				GCC_NO_COMMON_BLOCKS = YES;
				GCC_OPTIMIZATION_LEVEL = 0;
				GCC_PREPROCESSOR_DEFINITIONS = (
					"DEBUG=1",
					"$(inherited)",
				);
				GCC_WARN_64_TO_32_BIT_CONVERSION = YES;
				GCC_WARN_ABOUT_RETURN_TYPE = YES_ERROR;
				GCC_WARN_UNDECLARED_SELECTOR = YES;
				GCC_WARN_UNINITIALIZED_AUTOS = YES_AGGRESSIVE;
				GCC_WARN_UNUSED_FUNCTION = YES;
				GCC_WARN_UNUSED_VARIABLE = YES;
				MACOSX_DEPLOYMENT_TARGET = 10.12;
				MTL_ENABLE_DEBUG_INFO = YES;
				ONLY_ACTIVE_ARCH = YES;
				SDKROOT = macosx;
			};
			name = Debug;
		};
		F482C9201E1CEB66009021C7 /* Release */ = {
			isa = XCBuildConfiguration;
			buildSettings = {
				ALWAYS_SEARCH_USER_PATHS = NO;
				CLANG_ANALYZER_NONNULL = YES;
				CLANG_CXX_LANGUAGE_STANDARD = "gnu++0x";
				CLANG_CXX_LIBRARY = "libc++";
				CLANG_ENABLE_MODULES = YES;
				CLANG_ENABLE_OBJC_ARC = YES;
				CLANG_WARN_BOOL_CONVERSION = YES;
				CLANG_WARN_CONSTANT_CONVERSION = YES;
				CLANG_WARN_DIRECT_OBJC_ISA_USAGE = YES_ERROR;
				CLANG_WARN_DOCUMENTATION_COMMENTS = YES;
				CLANG_WARN_EMPTY_BODY = YES;
				CLANG_WARN_ENUM_CONVERSION = YES;
				CLANG_WARN_INFINITE_RECURSION = YES;
				CLANG_WARN_INT_CONVERSION = YES;
				CLANG_WARN_OBJC_ROOT_CLASS = YES_ERROR;
				CLANG_WARN_SUSPICIOUS_MOVE = YES;
				CLANG_WARN_UNREACHABLE_CODE = YES;
				CLANG_WARN__DUPLICATE_METHOD_MATCH = YES;
				CODE_SIGN_IDENTITY = "-";
				COPY_PHASE_STRIP = NO;
				DEBUG_INFORMATION_FORMAT = "dwarf-with-dsym";
				ENABLE_NS_ASSERTIONS = NO;
				ENABLE_STRICT_OBJC_MSGSEND = YES;
				GCC_C_LANGUAGE_STANDARD = gnu99;
				GCC_NO_COMMON_BLOCKS = YES;
				GCC_WARN_64_TO_32_BIT_CONVERSION = YES;
				GCC_WARN_ABOUT_RETURN_TYPE = YES_ERROR;
				GCC_WARN_UNDECLARED_SELECTOR = YES;
				GCC_WARN_UNINITIALIZED_AUTOS = YES_AGGRESSIVE;
				GCC_WARN_UNUSED_FUNCTION = YES;
				GCC_WARN_UNUSED_VARIABLE = YES;
				MACOSX_DEPLOYMENT_TARGET = 10.12;
				MTL_ENABLE_DEBUG_INFO = NO;
				SDKROOT = macosx;
			};
			name = Release;
		};
		F482C9221E1CEB66009021C7 /* Debug */ = {
			isa = XCBuildConfiguration;
			buildSettings = {
				DEVELOPMENT_TEAM = AWN3A347S4;
				PRODUCT_NAME = "$(TARGET_NAME)";
			};
			name = Debug;
		};
		F482C9231E1CEB66009021C7 /* Release */ = {
			isa = XCBuildConfiguration;
			buildSettings = {
				DEVELOPMENT_TEAM = AWN3A347S4;
				PRODUCT_NAME = "$(TARGET_NAME)";
			};
			name = Release;
		};
/* End XCBuildConfiguration section */

/* Begin XCConfigurationList section */
		F482C9151E1CEB65009021C7 /* Build configuration list for PBXProject "ObjCRuntimeDemo" */ = {
			isa = XCConfigurationList;
			buildConfigurations = (
				F482C91F1E1CEB66009021C7 /* Debug */,
				F482C9201E1CEB66009021C7 /* Release */,
			);
			defaultConfigurationIsVisible = 0;
			defaultConfigurationName = Release;
		};
		F482C9211E1CEB66009021C7 /* Build configuration list for PBXNativeTarget "ObjCRuntimeDemo" */ = {
			isa = XCConfigurationList;
			buildConfigurations = (
				F482C9221E1CEB66009021C7 /* Debug */,
				F482C9231E1CEB66009021C7 /* Release */,
			);
			defaultConfigurationIsVisible = 0;
			defaultConfigurationName = Release;
		};
/* End XCConfigurationList section */
	};
	rootObject = F482C9121E1CEB65009021C7 /* Project object */;
}
